<?xml version="1.0" encoding="UTF-8" standalone="yes" ?>
<CodeBlocks_project_file>
	<FileVersion major="1" minor="6" />
	<Project>
		<Option title="Portalized" />
		<Option pch_mode="2" />
		<Option default_target="Debug_linux" />
		<Option compiler="gcc" />
		<Build>
			<Target title="Debug_win">
				<Option platforms="Windows;" />
				<Option output="bin/win/debug/portalized" prefix_auto="1" extension_auto="1" />
				<Option working_dir="bin/win/debug" />
				<Option object_output="obj/win/debug/" />
				<Option type="1" />
				<Option compiler="gcc" />
				<Option parameters="-loadLevel=levels/test.lvl" />
				<Compiler>
					<Add option="-g" />
					<Add option="-mthreads" />
					<Add option="-DWIN32" />
					<Add option="-D_WINDOWS" />
					<Add option="-D_DEBUG" />
					<Add option="-DBUILD_EDITOR" />
					<Add directory="$(OGRE_HOME)/OgreMain/include" />
					<Add directory="dependencies/boost_1_39_0" />
					<Add directory="dependencies/win/newton/sdk" />
					<Add directory="dependencies/win/protobuf/src" />
					<Add directory="$(OGRE_HOME)/Dependencies/include" />
					<Add directory="dependencies/win/newton/sdk/dCustomJoints" />
					<Add directory="dependencies/win/newton/sdk/dMath" />
					<Add directory="dependencies/win/fmod/api/inc" />
				</Compiler>
				<Linker>
					<Add option="-Wl,--enable-runtime-pseudo-reloc" />
					<Add option="-Wl,--enable-auto-image-base" />
					<Add option="-Wl,--add-stdcall-alias" />
					<Add library="dependencies/boost_1_39_0/lib/libboost_filesystem-mgw34-mt-s-1_39.lib" />
					<Add library="dependencies/boost_1_39_0/lib/libboost_signals-mgw34-mt-s-1_39.lib" />
					<Add library="dependencies/boost_1_39_0/lib/libboost_system-mgw34-mt-s-1_39.lib" />
					<Add library="dependencies/win/protobuf/lib/libprotobuf.a" />
					<Add library="OgreMain_d" />
					<Add library="ois_d" />
					<Add library="dependencies/win/newton/sdk/libnewton_utils.a" />
					<Add library="dependencies/win/newton/sdk/x32/dll_vs9/newton.lib" />
					<Add library="dependencies/win/fmod/api/lib/libfmodex.a" />
					<Add directory="$(OGRE_HOME)/lib" />
					<Add directory="$(OGRE_HOME)/Dependencies/lib" />
					<Add directory="bin/win/debug" />
				</Linker>
			</Target>
			<Target title="Release_win">
				<Option platforms="Windows;" />
				<Option output="bin/win/release/portalized" prefix_auto="1" extension_auto="1" />
				<Option working_dir="bin/win/release" />
				<Option object_output="obj/win/release/" />
				<Option type="0" />
				<Option compiler="gcc" />
				<Compiler>
					<Add option="-O2" />
					<Add option="-g" />
					<Add option="-mthreads" />
					<Add option="-DWIN32" />
					<Add option="-D_WINDOWS" />
					<Add option="-DNDEBUG" />
					<Add option="-DBUILD_EDITOR" />
					<Add directory="$(OGRE_HOME)/OgreMain/include" />
					<Add directory="dependencies/boost_1_39_0" />
					<Add directory="dependencies/win/newton/sdk" />
					<Add directory="dependencies/win/protobuf/src" />
					<Add directory="$(OGRE_HOME)/Dependencies/include" />
					<Add directory="dependencies/win/newton/sdk/dCustomJoints" />
					<Add directory="dependencies/win/newton/sdk/dMath" />
					<Add directory="dependencies/win/fmod/api/inc" />
				</Compiler>
				<Linker>
					<Add option="-Wl,--enable-runtime-pseudo-reloc" />
					<Add option="-Wl,--enable-auto-image-base" />
					<Add option="-Wl,--add-stdcall-alias" />
					<Add library="dependencies/boost_1_39_0/lib/libboost_filesystem-mgw34-mt-s-1_39.lib" />
					<Add library="dependencies/boost_1_39_0/lib/libboost_signals-mgw34-mt-s-1_39.lib" />
					<Add library="dependencies/boost_1_39_0/lib/libboost_system-mgw34-mt-s-1_39.lib" />
					<Add library="dependencies/win/protobuf/lib/libprotobuf.a" />
					<Add library="OgreMain" />
					<Add library="ois" />
					<Add library="dependencies/win/newton/sdk/libnewton_utils.a" />
					<Add library="dependencies/win/newton/sdk/x32/dll_vs9/newton.lib" />
					<Add library="dependencies/win/fmod/api/lib/libfmodex.a" />
					<Add directory="$(OGRE_HOME)/lib" />
					<Add directory="$(OGRE_HOME)/Dependencies/lib" />
					<Add directory="bin/win/release" />
				</Linker>
			</Target>
			<Target title="Debug_linux">
				<Option platforms="Unix;" />
				<Option output="bin/linux/debug/portalized" prefix_auto="1" extension_auto="1" />
				<Option working_dir="bin/linux/debug" />
				<Option object_output="obj/linux/debug/" />
				<Option type="1" />
				<Option compiler="gcc" />
				<Compiler>
					<Add option="-g" />
					<Add option="`pkg-config --cflags OGRE`" />
					<Add option="-D_DEBUG" />
					<Add option="-DBUILD_EDITOR" />
					<Add option="-D_LINUX" />
					<Add directory="deps/linux/newtonSDK/sdk" />
					<Add directory="deps/linux/newtonSDK/sdk/dMath" />
					<Add directory="deps/linux/newtonSDK/sdk/dCustomJoints" />
				</Compiler>
				<Linker>
					<Add option="`pkg-config --cflags OGRE`" />
					<Add library="OgreMain" />
					<Add library="OIS" />
					<Add library="boost_filesystem" />
					<Add library="boost_signals" />
					<Add library="boost_system" />
					<Add library="protobuf" />
					<Add library="deps/linux/newtonSDK/sdk/libNewton.a" />
					<Add library="deps/linux/newton/sdk/libnewton_utils.a" />
					<Add library="fmodex" />
					<Add directory="bin/linux/debug" />
				</Linker>
			</Target>
			<Target title="Release_linux">
				<Option platforms="Unix;" />
				<Option output="bin/linux/release/portalized" prefix_auto="1" extension_auto="1" />
				<Option working_dir="bin/linux/release" />
				<Option object_output="obj/linux/release/" />
				<Option type="0" />
				<Option compiler="gcc" />
				<Compiler>
					<Add option="-O2" />
					<Add option="`pkg-config --cflags OGRE`" />
					<Add option="-DNDEBUG" />
					<Add option="-DBUILD_EDITOR" />
					<Add option="-D_LINUX" />
					<Add directory="deps/linux/newton/sdk" />
					<Add directory="deps/linux/newtonSDK/sdk/dCustomJoints" />
					<Add directory="deps/linux/newtonSDK/sdk/dMath" />
				</Compiler>
				<Linker>
					<Add option="-s" />
					<Add option="`pkg-config --cflags OGRE`" />
					<Add library="OgreMain" />
					<Add library="OIS" />
					<Add library="boost_filesystem" />
					<Add library="boost_signals" />
					<Add library="boost_system" />
					<Add library="protobuf" />
					<Add library="deps/linux/newtonSDK/sdk/libNewton.a" />
					<Add library="deps/linux/newton/sdk/libnewton_utils.a" />
					<Add library="fmodex" />
					<Add directory="bin/linux/release" />
				</Linker>
				<ExtraCommands>
					<Add after='([ `uname -m` == &quot;i686&quot; ] &amp;&amp; cp $(TARGET_OUTPUT_FILE) $(TARGET_OUTPUT_FILE).bin32) || ([ `uname -m` == &quot;x86_64&quot; ] &amp;&amp; cp $(TARGET_OUTPUT_FILE)  $(TARGET_OUTPUT_FILE).bin64)' />
				</ExtraCommands>
			</Target>
			<Target title="Debug_newton_build">
				<Option platforms="Windows;" />
				<Option output="bin/win/release/debug_newton_build" prefix_auto="1" extension_auto="1" />
				<Option working_dir="bin/win/release" />
				<Option object_output="obj/win/release/" />
				<Option type="0" />
				<Option compiler="gcc" />
				<Option parameters="-renderer=forward -loadLevel=levels/player_portals_test.lvl" />
				<Compiler>
					<Add option="-O2" />
					<Add option="-mthreads" />
					<Add option="-DWIN32" />
					<Add option="-D_WINDOWS" />
					<Add option="-DNDEBUG" />
					<Add option="-DBUILD_EDITOR" />
					<Add option="-DDEBUG_NEWTON_BUILD" />
					<Add directory="$(OGRE_HOME)/OgreMain/include" />
					<Add directory="dependencies/boost_1_39_0" />
					<Add directory="dependencies/win/newton/sdk" />
					<Add directory="dependencies/win/protobuf/src" />
					<Add directory="$(OGRE_HOME)/Dependencies/include" />
					<Add directory="dependencies/win/newton/sdk/dCustomJoints" />
					<Add directory="dependencies/win/newton/sdk/dMath" />
					<Add directory="dependencies/win/fmod/api/inc" />
				</Compiler>
				<Linker>
					<Add option="-s" />
					<Add option="-Wl,--enable-runtime-pseudo-reloc" />
					<Add option="-Wl,--enable-auto-image-base" />
					<Add option="-Wl,--add-stdcall-alias" />
					<Add library="dependencies/boost_1_39_0/lib/libboost_filesystem-mgw34-mt-s-1_39.lib" />
					<Add library="dependencies/boost_1_39_0/lib/libboost_signals-mgw34-mt-s-1_39.lib" />
					<Add library="dependencies/boost_1_39_0/lib/libboost_system-mgw34-mt-s-1_39.lib" />
					<Add library="dependencies/win/protobuf/lib/libprotobuf.a" />
					<Add library="OgreMain" />
					<Add library="ois" />
					<Add library="dependencies/win/newton/sdk/libnewton_utils.a" />
					<Add library="dependencies/win/newton/sdk/x32/dll_vs9/newton.lib" />
					<Add library="dependencies/win/fmod/api/lib/libfmodex.a" />
					<Add directory="$(OGRE_HOME)/lib" />
					<Add directory="$(OGRE_HOME)/Dependencies/lib" />
					<Add directory="bin/win/release" />
				</Linker>
			</Target>
		</Build>
		<VirtualTargets>
			<Add alias="All Linux" targets="Debug_linux;Release_linux;" />
			<Add alias="All Win" targets="Debug_win;Release_win;" />
		</VirtualTargets>
		<Compiler>
			<Add option="-Wall" />
			<Add option="-fmessage-length=0" />
			<Add option="-fexceptions" />
			<Add option="-fident" />
			<Add option="-Wno-deprecated" />
			<Add directory="src" />
		</Compiler>
		<Unit filename="data/editor/general.material" />
		<Unit filename="data/gui/gui.cg" />
		<Unit filename="data/gui/gui.material" />
		<Unit filename="data/gui/gui.program" />
		<Unit filename="data/media/shaders/forward.cg" />
		<Unit filename="data/media/shaders/general.material" />
		<Unit filename="data/media/shaders/general.program" />
		<Unit filename="data/media/shaders/utils.cg" />
		<Unit filename="data/portal/portal.material" />
		<Unit filename="data/scripts/root.xml" />
		<Unit filename="src/action_binder.cpp" />
		<Unit filename="src/action_binder.hpp" />
		<Unit filename="src/app_base.cpp" />
		<Unit filename="src/app_base.hpp" />
		<Unit filename="src/data_dir.cpp" />
		<Unit filename="src/data_dir.hpp" />
		<Unit filename="src/editor/camera_control.cpp" />
		<Unit filename="src/editor/camera_control.hpp" />
		<Unit filename="src/editor/selection_node.cpp" />
		<Unit filename="src/editor/selection_node.hpp" />
		<Unit filename="src/error_mesh.cpp" />
		<Unit filename="src/error_mesh.hpp" />
		<Unit filename="src/event.hpp" />
		<Unit filename="src/fake_mrl.hpp" />
		<Unit filename="src/fs_ops.cpp" />
		<Unit filename="src/fs_ops.hpp" />
		<Unit filename="src/game/character.cpp" />
		<Unit filename="src/game/character.hpp" />
		<Unit filename="src/game/entity.cpp" />
		<Unit filename="src/game/entity.hpp" />
		<Unit filename="src/game/entity_types.hpp" />
		<Unit filename="src/game/generic_prop.cpp" />
		<Unit filename="src/game/generic_prop.hpp" />
		<Unit filename="src/game/level.cpp" />
		<Unit filename="src/game/level.hpp" />
		<Unit filename="src/game/marker.cpp" />
		<Unit filename="src/game/marker.hpp" />
		<Unit filename="src/game/player.cpp" />
		<Unit filename="src/game/player.hpp" />
		<Unit filename="src/game/portal.cpp" />
		<Unit filename="src/game/portal.hpp" />
		<Unit filename="src/game/portal_joint.cpp" />
		<Unit filename="src/game/portal_joint.hpp" />
		<Unit filename="src/game/trigger.cpp" />
		<Unit filename="src/game/trigger.hpp" />
		<Unit filename="src/game/world.cpp" />
		<Unit filename="src/game/world.hpp" />
		<Unit filename="src/gfx/custom_params_idx.hpp" />
		<Unit filename="src/gfx/forward_renderer.cpp" />
		<Unit filename="src/gfx/forward_renderer.hpp" />
		<Unit filename="src/gfx/quad.cpp" />
		<Unit filename="src/gfx/quad.hpp" />
		<Unit filename="src/gfx/render_lib.hpp" />
		<Unit filename="src/gfx/renderer.cpp" />
		<Unit filename="src/gfx/renderer.hpp" />
		<Unit filename="src/gfx/root.cpp" />
		<Unit filename="src/gfx/root.hpp" />
		<Unit filename="src/gfx/rtt.cpp" />
		<Unit filename="src/gfx/rtt.hpp" />
		<Unit filename="src/gfx/scene_clipper.cpp" />
		<Unit filename="src/gfx/scene_clipper.hpp" />
		<Unit filename="src/gfx/utils.cpp" />
		<Unit filename="src/gfx/utils.hpp" />
		<Unit filename="src/gui/brush.cpp" />
		<Unit filename="src/gui/brush.hpp" />
		<Unit filename="src/gui/button.cpp" />
		<Unit filename="src/gui/button.hpp" />
		<Unit filename="src/gui/check_box.cpp" />
		<Unit filename="src/gui/check_box.hpp" />
		<Unit filename="src/gui/console.cpp" />
		<Unit filename="src/gui/console.hpp" />
		<Unit filename="src/gui/drop_down_menu.cpp" />
		<Unit filename="src/gui/drop_down_menu.hpp" />
		<Unit filename="src/gui/file_dialog.cpp" />
		<Unit filename="src/gui/file_dialog.hpp" />
		<Unit filename="src/gui/gui_disp.cpp" />
		<Unit filename="src/gui/gui_disp.hpp" />
		<Unit filename="src/gui/layout.cpp" />
		<Unit filename="src/gui/layout.hpp" />
		<Unit filename="src/gui/mouse.cpp" />
		<Unit filename="src/gui/mouse.hpp" />
		<Unit filename="src/gui/mouse_button.hpp" />
		<Unit filename="src/gui/panel.cpp" />
		<Unit filename="src/gui/panel.hpp" />
		<Unit filename="src/gui/scrollable_panel.cpp" />
		<Unit filename="src/gui/scrollable_panel.hpp" />
		<Unit filename="src/gui/scrollbar.cpp" />
		<Unit filename="src/gui/scrollbar.hpp" />
		<Unit filename="src/gui/sheet.cpp" />
		<Unit filename="src/gui/sheet.hpp" />
		<Unit filename="src/gui/skin.cpp" />
		<Unit filename="src/gui/skin.hpp" />
		<Unit filename="src/gui/skin_pre.hpp" />
		<Unit filename="src/gui/text.cpp" />
		<Unit filename="src/gui/text.hpp" />
		<Unit filename="src/gui/text_box.cpp" />
		<Unit filename="src/gui/text_box.hpp" />
		<Unit filename="src/gui/widget.cpp" />
		<Unit filename="src/gui/widget.hpp" />
		<Unit filename="src/gui/window.cpp" />
		<Unit filename="src/gui/window.hpp" />
		<Unit filename="src/id.hpp" />
		<Unit filename="src/input/input.cpp" />
		<Unit filename="src/input/input.hpp" />
		<Unit filename="src/input/keys.hpp" />
		<Unit filename="src/log.cpp" />
		<Unit filename="src/log.hpp" />
		<Unit filename="src/main.cpp" />
		<Unit filename="src/no_impl.hpp" />
		<Unit filename="src/numeric_any.hpp" />
		<Unit filename="src/params.hpp" />
		<Unit filename="src/phys/body.cpp" />
		<Unit filename="src/phys/body.hpp" />
		<Unit filename="src/phys/collision.cpp" />
		<Unit filename="src/phys/collision.hpp" />
		<Unit filename="src/phys/gravity.hpp" />
		<Unit filename="src/phys/interacter.cpp" />
		<Unit filename="src/phys/interacter.hpp" />
		<Unit filename="src/phys/mesh.cpp" />
		<Unit filename="src/phys/mesh.hpp" />
		<Unit filename="src/phys/ray.cpp" />
		<Unit filename="src/phys/ray.hpp" />
		<Unit filename="src/phys/world.cpp" />
		<Unit filename="src/phys/world.hpp" />
		<Unit filename="src/pre_ogre.hpp" />
		<Unit filename="src/protobuf/compile.bat" />
		<Unit filename="src/protobuf/level_format.pb.cc" />
		<Unit filename="src/protobuf/level_format.pb.h" />
		<Unit filename="src/protobuf/level_format.proto" />
		<Unit filename="src/recordable.cpp" />
		<Unit filename="src/recordable.hpp" />
		<Unit filename="src/safe_any.hpp" />
		<Unit filename="src/script/bindings.cpp" />
		<Unit filename="src/script/bindings.hpp" />
		<Unit filename="src/script/bindings_editor.cpp" />
		<Unit filename="src/script/bindings_game.cpp" />
		<Unit filename="src/script/bindings_gui.cpp" />
		<Unit filename="src/script/bindings_math.cpp" />
		<Unit filename="src/script/bindings_phys.cpp" />
		<Unit filename="src/script/bindings_play.cpp" />
		<Unit filename="src/script/bindings_snd.cpp" />
		<Unit filename="src/script/script.cpp" />
		<Unit filename="src/script/script.hpp" />
		<Unit filename="src/snd/sound.cpp" />
		<Unit filename="src/snd/sound.hpp" />
		<Unit filename="src/snd/system.cpp" />
		<Unit filename="src/snd/system.hpp" />
		<Unit filename="src/states/editor.cpp" />
		<Unit filename="src/states/editor.hpp" />
		<Unit filename="src/states/logo.cpp" />
		<Unit filename="src/states/logo.hpp" />
		<Unit filename="src/states/main_menu.cpp" />
		<Unit filename="src/states/main_menu.hpp" />
		<Unit filename="src/states/play.cpp" />
		<Unit filename="src/states/play.hpp" />
		<Unit filename="src/states/state.cpp" />
		<Unit filename="src/states/state.hpp" />
		<Unit filename="src/string.hpp" />
		<Unit filename="src/time/caller.hpp" />
		<Unit filename="src/time/sleep.hpp" />
		<Unit filename="src/time/timer.cpp" />
		<Unit filename="src/time/timer.hpp" />
		<Unit filename="src/txml/tinyxml.cpp" />
		<Unit filename="src/txml/tinyxml.h" />
		<Unit filename="src/txml/tinyxmlerror.cpp" />
		<Unit filename="src/txml/tinyxmlparser.cpp" />
		<Unit filename="src/txml/txml.hpp" />
		<Unit filename="src/types.hpp" />
		<Unit filename="src/val_stack.hpp" />
		<Unit filename="src/xml_cache.hpp" />
		<Extensions>
			<code_completion />
			<envvars />
			<debugger />
			<lib_finder disable_auto="1" />
		</Extensions>
	</Project>
</CodeBlocks_project_file>
